{
  "name": "js-autodiff",
  "version": "1.0.0",
  "lockfileVersion": 1,
  "requires": true,
  "dependencies": {
    "uglify-js": {
      "version": "1.0.1",
      "resolved": "https://registry.npmjs.org/uglify-js/-/uglify-js-1.0.1.tgz",
      "integrity": "sha1-s0syIOfWNEAfOIyL1p6WY87GypQ="
    }
  }
}
